
Microsoft Visual Studio Solution File, Format Version 12.00
# Visual Studio Version 17
VisualStudioVersion = 17.11.35312.102
MinimumVisualStudioVersion = 10.0.40219.1
Project("{FAE04EC0-301F-11D3-BF4B-00C04F79EFBC}") = "JobPortal", "JobPortal.csproj", "{BAFF44B9-5F5B-4B5F-AC4E-D537DD9B6655}"
EndProject
Global
	GlobalSection(SolutionConfigurationPlatforms) = preSolution
		Debug|Any CPU = Debug|Any CPU
		Release|Any CPU = Release|Any CPU
	EndGlobalSection
	GlobalSection(ProjectConfigurationPlatforms) = postSolution
		{BAFF44B9-5F5B-4B5F-AC4E-D537DD9B6655}.Debug|Any CPU.ActiveCfg = Debug|Any CPU
		{BAFF44B9-5F5B-4B5F-AC4E-D537DD9B6655}.Debug|Any CPU.Build.0 = Debug|Any CPU
		{BAFF44B9-5F5B-4B5F-AC4E-D537DD9B6655}.Release|Any CPU.ActiveCfg = Release|Any CPU
		{BAFF44B9-5F5B-4B5F-AC4E-D537DD9B6655}.Release|Any CPU.Build.0 = Release|Any CPU
	EndGlobalSection
	GlobalSection(SolutionProperties) = preSolution
		HideSolutionNode = FALSE
	EndGlobalSection
	GlobalSection(ExtensibilityGlobals) = postSolution
		SolutionGuid = {A97EF209-DEEB-4004-8D8D-EBFDA9483BE5}
	EndGlobalSection
EndGlobal
